
Microsoft Visual Studio Solution File, Format Version 12.00
# Visual Studio 2012
Project("{FAE04EC0-301F-11D3-BF4B-00C04F79EFBC}") = "ProductDashboard_2012.4", "ProductDashboard_2012.4.csproj", "{7F365235-63F0-4A3A-8B3B-F5EDC5628065}"
EndProject
Global
	GlobalSection(SolutionConfigurationPlatforms) = preSolution
		Debug|Any CPU = Debug|Any CPU
		Release|Any CPU = Release|Any CPU
	EndGlobalSection
	GlobalSection(ProjectConfigurationPlatforms) = postSolution
		{7F365235-63F0-4A3A-8B3B-F5EDC5628065}.Debug|Any CPU.ActiveCfg = Debug|Any CPU
		{7F365235-63F0-4A3A-8B3B-F5EDC5628065}.Debug|Any CPU.Build.0 = Debug|Any CPU
		{7F365235-63F0-4A3A-8B3B-F5EDC5628065}.Release|Any CPU.ActiveCfg = Release|Any CPU
		{7F365235-63F0-4A3A-8B3B-F5EDC5628065}.Release|Any CPU.Build.0 = Release|Any CPU
	EndGlobalSection
	GlobalSection(SolutionProperties) = preSolution
		HideSolutionNode = FALSE
	EndGlobalSection
EndGlobal
