
Microsoft Visual Studio Solution File, Format Version 11.00
# Visual Studio 2010
Project("{FAE04EC0-301F-11D3-BF4B-00C04F79EFBC}") = "ProductDashboard_2010.4", "ProductDashboard_2010.4.csproj", "{AD28F10E-D1DC-48CA-8384-4120910B4102}"
EndProject
Global
	GlobalSection(SolutionConfigurationPlatforms) = preSolution
		Debug|Any CPU = Debug|Any CPU
		Release|Any CPU = Release|Any CPU
	EndGlobalSection
	GlobalSection(ProjectConfigurationPlatforms) = postSolution
		{AD28F10E-D1DC-48CA-8384-4120910B4102}.Debug|Any CPU.ActiveCfg = Debug|Any CPU
		{AD28F10E-D1DC-48CA-8384-4120910B4102}.Debug|Any CPU.Build.0 = Debug|Any CPU
		{AD28F10E-D1DC-48CA-8384-4120910B4102}.Release|Any CPU.ActiveCfg = Release|Any CPU
		{AD28F10E-D1DC-48CA-8384-4120910B4102}.Release|Any CPU.Build.0 = Release|Any CPU
	EndGlobalSection
	GlobalSection(SolutionProperties) = preSolution
		HideSolutionNode = FALSE
	EndGlobalSection
EndGlobal
