
Microsoft Visual Studio Solution File, Format Version 11.00
# Visual Studio 2010
Project("{FAE04EC0-301F-11D3-BF4B-00C04F79EFBC}") = "TahDo", "TahDo\TahDo.csproj", "{ED7C5980-D192-466C-A907-CBB983378D58}"
EndProject
Global
	GlobalSection(SolutionConfigurationPlatforms) = preSolution
		Debug|Any CPU = Debug|Any CPU
		Release|Any CPU = Release|Any CPU
	EndGlobalSection
	GlobalSection(ProjectConfigurationPlatforms) = postSolution
		{ED7C5980-D192-466C-A907-CBB983378D58}.Debug|Any CPU.ActiveCfg = Debug|Any CPU
		{ED7C5980-D192-466C-A907-CBB983378D58}.Debug|Any CPU.Build.0 = Debug|Any CPU
		{ED7C5980-D192-466C-A907-CBB983378D58}.Release|Any CPU.ActiveCfg = Release|Any CPU
		{ED7C5980-D192-466C-A907-CBB983378D58}.Release|Any CPU.Build.0 = Release|Any CPU
	EndGlobalSection
	GlobalSection(SolutionProperties) = preSolution
		HideSolutionNode = FALSE
	EndGlobalSection
EndGlobal
