
Microsoft Visual Studio Solution File, Format Version 11.00
# Visual Studio 2010
Project("{FAE04EC0-301F-11D3-BF4B-00C04F79EFBC}") = "MattressBank_2010.4", "MattressBank_2010.4.csproj", "{7B1723B2-747F-4473-B495-1D0517AA9C2D}"
EndProject
Global
	GlobalSection(SolutionConfigurationPlatforms) = preSolution
		Debug|Any CPU = Debug|Any CPU
		Release|Any CPU = Release|Any CPU
	EndGlobalSection
	GlobalSection(ProjectConfigurationPlatforms) = postSolution
		{7B1723B2-747F-4473-B495-1D0517AA9C2D}.Debug|Any CPU.ActiveCfg = Debug|Any CPU
		{7B1723B2-747F-4473-B495-1D0517AA9C2D}.Debug|Any CPU.Build.0 = Debug|Any CPU
		{7B1723B2-747F-4473-B495-1D0517AA9C2D}.Release|Any CPU.ActiveCfg = Release|Any CPU
		{7B1723B2-747F-4473-B495-1D0517AA9C2D}.Release|Any CPU.Build.0 = Release|Any CPU
	EndGlobalSection
	GlobalSection(SolutionProperties) = preSolution
		HideSolutionNode = FALSE
	EndGlobalSection
EndGlobal
