
Microsoft Visual Studio Solution File, Format Version 12.00
# Visual Studio 2013
Project("{FAE04EC0-301F-11D3-BF4B-00C04F79EFBC}") = "FlexGridIntro", "FlexGridIntro\FlexGridIntro.csproj", "{038E661E-D92A-477F-9333-5434154B071F}"
EndProject
Global
	GlobalSection(SolutionConfigurationPlatforms) = preSolution
		Debug|Any CPU = Debug|Any CPU
		Evaluation|Any CPU = Evaluation|Any CPU
		Release|Any CPU = Release|Any CPU
	EndGlobalSection
	GlobalSection(ProjectConfigurationPlatforms) = postSolution
		{038E661E-D92A-477F-9333-5434154B071F}.Debug|Any CPU.ActiveCfg = Debug|Any CPU
		{038E661E-D92A-477F-9333-5434154B071F}.Debug|Any CPU.Build.0 = Debug|Any CPU
		{038E661E-D92A-477F-9333-5434154B071F}.Evaluation|Any CPU.ActiveCfg = Release|Any CPU
		{038E661E-D92A-477F-9333-5434154B071F}.Evaluation|Any CPU.Build.0 = Release|Any CPU
		{038E661E-D92A-477F-9333-5434154B071F}.Release|Any CPU.ActiveCfg = Release|Any CPU
		{038E661E-D92A-477F-9333-5434154B071F}.Release|Any CPU.Build.0 = Release|Any CPU
	EndGlobalSection
	GlobalSection(SolutionProperties) = preSolution
		HideSolutionNode = FALSE
	EndGlobalSection
EndGlobal
